// !$*UTF8*$!
{
	archiveVersion = 1;
	classes = {
	};
	objectVersion = 55;
	objects = {

/* Begin PBXBuildFile section */
		8526DD10287FFA0700B823F6 /* VKLoginWebView.swift in Sources */ = {isa = PBXBuildFile; fileRef = 8526DD0F287FFA0700B823F6 /* VKLoginWebView.swift */; };
		8526DD142880094D00B823F6 /* PhotoCell.swift in Sources */ = {isa = PBXBuildFile; fileRef = 8526DD132880094D00B823F6 /* PhotoCell.swift */; };
		8526DD16288009B700B823F6 /* PhotoModel.swift in Sources */ = {isa = PBXBuildFile; fileRef = 8526DD15288009B700B823F6 /* PhotoModel.swift */; };
		854193682881003F0026CAA7 /* SessionData.swift in Sources */ = {isa = PBXBuildFile; fileRef = 854193672881003F0026CAA7 /* SessionData.swift */; };
		8541936B288100ED0026CAA7 /* RequestService.swift in Sources */ = {isa = PBXBuildFile; fileRef = 8541936A288100ED0026CAA7 /* RequestService.swift */; };
		8541936D288100F80026CAA7 /* Request.swift in Sources */ = {isa = PBXBuildFile; fileRef = 8541936C288100F80026CAA7 /* Request.swift */; };
		85419370288101860026CAA7 /* Kingfisher in Frameworks */ = {isa = PBXBuildFile; productRef = 8541936F288101860026CAA7 /* Kingfisher */; };
		85419372288103420026CAA7 /* FriendViewModel.swift in Sources */ = {isa = PBXBuildFile; fileRef = 85419371288103420026CAA7 /* FriendViewModel.swift */; };
		85419374288103980026CAA7 /* PhotoViewModel.swift in Sources */ = {isa = PBXBuildFile; fileRef = 85419373288103980026CAA7 /* PhotoViewModel.swift */; };
		85419376288104290026CAA7 /* AvatarOfCell.swift in Sources */ = {isa = PBXBuildFile; fileRef = 85419375288104290026CAA7 /* AvatarOfCell.swift */; };
		85419378288106C40026CAA7 /* Response.swift in Sources */ = {isa = PBXBuildFile; fileRef = 85419377288106C40026CAA7 /* Response.swift */; };
		8541937A288145050026CAA7 /* GroupViewModel.swift in Sources */ = {isa = PBXBuildFile; fileRef = 85419379288145050026CAA7 /* GroupViewModel.swift */; };
		854193852881575F0026CAA7 /* NewsView.swift in Sources */ = {isa = PBXBuildFile; fileRef = 854193842881575F0026CAA7 /* NewsView.swift */; };
		85433E102875BB9600C07413 /* VKSwiftUIApp.swift in Sources */ = {isa = PBXBuildFile; fileRef = 85433E0F2875BB9600C07413 /* VKSwiftUIApp.swift */; };
		85433E122875BB9600C07413 /* AuthView.swift in Sources */ = {isa = PBXBuildFile; fileRef = 85433E112875BB9600C07413 /* AuthView.swift */; };
		85433E142875BB9800C07413 /* Assets.xcassets in Resources */ = {isa = PBXBuildFile; fileRef = 85433E132875BB9800C07413 /* Assets.xcassets */; };
		85433E172875BB9800C07413 /* Preview Assets.xcassets in Resources */ = {isa = PBXBuildFile; fileRef = 85433E162875BB9800C07413 /* Preview Assets.xcassets */; };
		8559E1872893DC8C007AAD8A /* MainViewCoordinator.swift in Sources */ = {isa = PBXBuildFile; fileRef = 8559E1862893DC8C007AAD8A /* MainViewCoordinator.swift */; };
		8559E1892893DD78007AAD8A /* MainCoordinator.swift in Sources */ = {isa = PBXBuildFile; fileRef = 8559E1882893DD78007AAD8A /* MainCoordinator.swift */; };
		859A68F2287D89860036C0CB /* ContainerView.swift in Sources */ = {isa = PBXBuildFile; fileRef = 859A68F1287D89860036C0CB /* ContainerView.swift */; };
		859A68F4287D89F90036C0CB /* FriendsView.swift in Sources */ = {isa = PBXBuildFile; fileRef = 859A68F3287D89F90036C0CB /* FriendsView.swift */; };
		859A68F7287D8B320036C0CB /* FriendCellView.swift in Sources */ = {isa = PBXBuildFile; fileRef = 859A68F6287D8B320036C0CB /* FriendCellView.swift */; };
		859A68F9287D8B4D0036C0CB /* FriendModel.swift in Sources */ = {isa = PBXBuildFile; fileRef = 859A68F8287D8B4D0036C0CB /* FriendModel.swift */; };
		859A68FC287D97B30036C0CB /* PhotoFriendView.swift in Sources */ = {isa = PBXBuildFile; fileRef = 859A68FB287D97B30036C0CB /* PhotoFriendView.swift */; };
		859A6903287DA4060036C0CB /* MainView.swift in Sources */ = {isa = PBXBuildFile; fileRef = 859A6902287DA4060036C0CB /* MainView.swift */; };
		859A6906287DAC5C0036C0CB /* GroupsView.swift in Sources */ = {isa = PBXBuildFile; fileRef = 859A6905287DAC5C0036C0CB /* GroupsView.swift */; };
		859A6908287DAC7E0036C0CB /* GroupCellView.swift in Sources */ = {isa = PBXBuildFile; fileRef = 859A6907287DAC7E0036C0CB /* GroupCellView.swift */; };
		859A690A287DAC8F0036C0CB /* GroupModel.swift in Sources */ = {isa = PBXBuildFile; fileRef = 859A6909287DAC8E0036C0CB /* GroupModel.swift */; };
		859C43F9288FDBF3005968A2 /* LikesUI.swift in Sources */ = {isa = PBXBuildFile; fileRef = 859C43F8288FDBF3005968A2 /* LikesUI.swift */; };
/* End PBXBuildFile section */

/* Begin PBXFileReference section */
		8526DD0F287FFA0700B823F6 /* VKLoginWebView.swift */ = {isa = PBXFileReference; lastKnownFileType = sourcecode.swift; path = VKLoginWebView.swift; sourceTree = "<group>"; };
		8526DD132880094D00B823F6 /* PhotoCell.swift */ = {isa = PBXFileReference; lastKnownFileType = sourcecode.swift; path = PhotoCell.swift; sourceTree = "<group>"; };
		8526DD15288009B700B823F6 /* PhotoModel.swift */ = {isa = PBXFileReference; lastKnownFileType = sourcecode.swift; path = PhotoModel.swift; sourceTree = "<group>"; };
		854193672881003F0026CAA7 /* SessionData.swift */ = {isa = PBXFileReference; lastKnownFileType = sourcecode.swift; path = SessionData.swift; sourceTree = "<group>"; };
		8541936A288100ED0026CAA7 /* RequestService.swift */ = {isa = PBXFileReference; lastKnownFileType = sourcecode.swift; path = RequestService.swift; sourceTree = "<group>"; };
		8541936C288100F80026CAA7 /* Request.swift */ = {isa = PBXFileReference; lastKnownFileType = sourcecode.swift; path = Request.swift; sourceTree = "<group>"; };
		85419371288103420026CAA7 /* FriendViewModel.swift */ = {isa = PBXFileReference; lastKnownFileType = sourcecode.swift; path = FriendViewModel.swift; sourceTree = "<group>"; };
		85419373288103980026CAA7 /* PhotoViewModel.swift */ = {isa = PBXFileReference; lastKnownFileType = sourcecode.swift; path = PhotoViewModel.swift; sourceTree = "<group>"; };
		85419375288104290026CAA7 /* AvatarOfCell.swift */ = {isa = PBXFileReference; lastKnownFileType = sourcecode.swift; path = AvatarOfCell.swift; sourceTree = "<group>"; };
		85419377288106C40026CAA7 /* Response.swift */ = {isa = PBXFileReference; lastKnownFileType = sourcecode.swift; path = Response.swift; sourceTree = "<group>"; };
		85419379288145050026CAA7 /* GroupViewModel.swift */ = {isa = PBXFileReference; lastKnownFileType = sourcecode.swift; path = GroupViewModel.swift; sourceTree = "<group>"; };
		854193842881575F0026CAA7 /* NewsView.swift */ = {isa = PBXFileReference; lastKnownFileType = sourcecode.swift; path = NewsView.swift; sourceTree = "<group>"; };
		85433E0C2875BB9600C07413 /* VKSwiftUI.app */ = {isa = PBXFileReference; explicitFileType = wrapper.application; includeInIndex = 0; path = VKSwiftUI.app; sourceTree = BUILT_PRODUCTS_DIR; };
		85433E0F2875BB9600C07413 /* VKSwiftUIApp.swift */ = {isa = PBXFileReference; lastKnownFileType = sourcecode.swift; path = VKSwiftUIApp.swift; sourceTree = "<group>"; };
		85433E112875BB9600C07413 /* AuthView.swift */ = {isa = PBXFileReference; lastKnownFileType = sourcecode.swift; path = AuthView.swift; sourceTree = "<group>"; };
		85433E132875BB9800C07413 /* Assets.xcassets */ = {isa = PBXFileReference; lastKnownFileType = folder.assetcatalog; path = Assets.xcassets; sourceTree = "<group>"; };
		85433E162875BB9800C07413 /* Preview Assets.xcassets */ = {isa = PBXFileReference; lastKnownFileType = folder.assetcatalog; path = "Preview Assets.xcassets"; sourceTree = "<group>"; };
		8559E1862893DC8C007AAD8A /* MainViewCoordinator.swift */ = {isa = PBXFileReference; lastKnownFileType = sourcecode.swift; path = MainViewCoordinator.swift; sourceTree = "<group>"; };
		8559E1882893DD78007AAD8A /* MainCoordinator.swift */ = {isa = PBXFileReference; lastKnownFileType = sourcecode.swift; path = MainCoordinator.swift; sourceTree = "<group>"; };
		859A68F1287D89860036C0CB /* ContainerView.swift */ = {isa = PBXFileReference; lastKnownFileType = sourcecode.swift; path = ContainerView.swift; sourceTree = "<group>"; };
		859A68F3287D89F90036C0CB /* FriendsView.swift */ = {isa = PBXFileReference; lastKnownFileType = sourcecode.swift; path = FriendsView.swift; sourceTree = "<group>"; };
		859A68F6287D8B320036C0CB /* FriendCellView.swift */ = {isa = PBXFileReference; lastKnownFileType = sourcecode.swift; path = FriendCellView.swift; sourceTree = "<group>"; };
		859A68F8287D8B4D0036C0CB /* FriendModel.swift */ = {isa = PBXFileReference; lastKnownFileType = sourcecode.swift; path = FriendModel.swift; sourceTree = "<group>"; };
		859A68FB287D97B30036C0CB /* PhotoFriendView.swift */ = {isa = PBXFileReference; lastKnownFileType = sourcecode.swift; path = PhotoFriendView.swift; sourceTree = "<group>"; };
		859A6902287DA4060036C0CB /* MainView.swift */ = {isa = PBXFileReference; lastKnownFileType = sourcecode.swift; path = MainView.swift; sourceTree = "<group>"; };
		859A6905287DAC5C0036C0CB /* GroupsView.swift */ = {isa = PBXFileReference; lastKnownFileType = sourcecode.swift; path = GroupsView.swift; sourceTree = "<group>"; };
		859A6907287DAC7E0036C0CB /* GroupCellView.swift */ = {isa = PBXFileReference; lastKnownFileType = sourcecode.swift; path = GroupCellView.swift; sourceTree = "<group>"; };
		859A6909287DAC8E0036C0CB /* GroupModel.swift */ = {isa = PBXFileReference; lastKnownFileType = sourcecode.swift; path = GroupModel.swift; sourceTree = "<group>"; };
		859C43F8288FDBF3005968A2 /* LikesUI.swift */ = {isa = PBXFileReference; lastKnownFileType = sourcecode.swift; path = LikesUI.swift; sourceTree = "<group>"; };
/* End PBXFileReference section */

/* Begin PBXFrameworksBuildPhase section */
		85433E092875BB9600C07413 /* Frameworks */ = {
			isa = PBXFrameworksBuildPhase;
			buildActionMask = 2147483647;
			files = (
				85419370288101860026CAA7 /* Kingfisher in Frameworks */,
			);
			runOnlyForDeploymentPostprocessing = 0;
		};
/* End PBXFrameworksBuildPhase section */

/* Begin PBXGroup section */
		85419369288100C20026CAA7 /* Services */ = {
			isa = PBXGroup;
			children = (
				8541936A288100ED0026CAA7 /* RequestService.swift */,
				8541936C288100F80026CAA7 /* Request.swift */,
				85419377288106C40026CAA7 /* Response.swift */,
			);
			path = Services;
			sourceTree = "<group>";
		};
		85433E032875BB9600C07413 = {
			isa = PBXGroup;
			children = (
				85433E0E2875BB9600C07413 /* VKSwiftUI */,
				85433E0D2875BB9600C07413 /* Products */,
			);
			sourceTree = "<group>";
		};
		85433E0D2875BB9600C07413 /* Products */ = {
			isa = PBXGroup;
			children = (
				85433E0C2875BB9600C07413 /* VKSwiftUI.app */,
			);
			name = Products;
			sourceTree = "<group>";
		};
		85433E0E2875BB9600C07413 /* VKSwiftUI */ = {
			isa = PBXGroup;
			children = (
				85433E0F2875BB9600C07413 /* VKSwiftUIApp.swift */,
				85433E112875BB9600C07413 /* AuthView.swift */,
				8526DD0F287FFA0700B823F6 /* VKLoginWebView.swift */,
				859A68F1287D89860036C0CB /* ContainerView.swift */,
				859A6902287DA4060036C0CB /* MainView.swift */,
				8559E1862893DC8C007AAD8A /* MainViewCoordinator.swift */,
				8559E1882893DD78007AAD8A /* MainCoordinator.swift */,
				854193672881003F0026CAA7 /* SessionData.swift */,
				85419375288104290026CAA7 /* AvatarOfCell.swift */,
				85419369288100C20026CAA7 /* Services */,
				859A68F5287D8AB50036C0CB /* Friends */,
				859A68FA287D972B0036C0CB /* FotoFriend */,
				859A6904287DAC1A0036C0CB /* Groups */,
				854AB100287EBFED001409DA /* News */,
				85433E132875BB9800C07413 /* Assets.xcassets */,
				85433E152875BB9800C07413 /* Preview Content */,
			);
			path = VKSwiftUI;
			sourceTree = "<group>";
		};
		85433E152875BB9800C07413 /* Preview Content */ = {
			isa = PBXGroup;
			children = (
				85433E162875BB9800C07413 /* Preview Assets.xcassets */,
			);
			path = "Preview Content";
			sourceTree = "<group>";
		};
		854AB100287EBFED001409DA /* News */ = {
			isa = PBXGroup;
			children = (
				854193842881575F0026CAA7 /* NewsView.swift */,
			);
			path = News;
			sourceTree = "<group>";
		};
		859A68F5287D8AB50036C0CB /* Friends */ = {
			isa = PBXGroup;
			children = (
				859A68F3287D89F90036C0CB /* FriendsView.swift */,
				859A68F6287D8B320036C0CB /* FriendCellView.swift */,
				859A68F8287D8B4D0036C0CB /* FriendModel.swift */,
				85419371288103420026CAA7 /* FriendViewModel.swift */,
			);
			path = Friends;
			sourceTree = "<group>";
		};
		859A68FA287D972B0036C0CB /* FotoFriend */ = {
			isa = PBXGroup;
			children = (
				859A68FB287D97B30036C0CB /* PhotoFriendView.swift */,
				8526DD15288009B700B823F6 /* PhotoModel.swift */,
				8526DD132880094D00B823F6 /* PhotoCell.swift */,
				85419373288103980026CAA7 /* PhotoViewModel.swift */,
				859C43F8288FDBF3005968A2 /* LikesUI.swift */,
			);
			path = FotoFriend;
			sourceTree = "<group>";
		};
		859A6904287DAC1A0036C0CB /* Groups */ = {
			isa = PBXGroup;
			children = (
				859A6905287DAC5C0036C0CB /* GroupsView.swift */,
				85419379288145050026CAA7 /* GroupViewModel.swift */,
				859A6907287DAC7E0036C0CB /* GroupCellView.swift */,
				859A6909287DAC8E0036C0CB /* GroupModel.swift */,
			);
			path = Groups;
			sourceTree = "<group>";
		};
/* End PBXGroup section */

/* Begin PBXNativeTarget section */
		85433E0B2875BB9600C07413 /* VKSwiftUI */ = {
			isa = PBXNativeTarget;
			buildConfigurationList = 85433E1A2875BB9800C07413 /* Build configuration list for PBXNativeTarget "VKSwiftUI" */;
			buildPhases = (
				85433E082875BB9600C07413 /* Sources */,
				85433E092875BB9600C07413 /* Frameworks */,
				85433E0A2875BB9600C07413 /* Resources */,
			);
			buildRules = (
			);
			dependencies = (
			);
			name = VKSwiftUI;
			packageProductDependencies = (
				8541936F288101860026CAA7 /* Kingfisher */,
			);
			productName = VKSwiftUI;
			productReference = 85433E0C2875BB9600C07413 /* VKSwiftUI.app */;
			productType = "com.apple.product-type.application";
		};
/* End PBXNativeTarget section */

/* Begin PBXProject section */
		85433E042875BB9600C07413 /* Project object */ = {
			isa = PBXProject;
			attributes = {
				BuildIndependentTargetsInParallel = 1;
				LastSwiftUpdateCheck = 1340;
				LastUpgradeCheck = 1340;
				TargetAttributes = {
					85433E0B2875BB9600C07413 = {
						CreatedOnToolsVersion = 13.4;
					};
				};
			};
			buildConfigurationList = 85433E072875BB9600C07413 /* Build configuration list for PBXProject "VKSwiftUI" */;
			compatibilityVersion = "Xcode 13.0";
			developmentRegion = en;
			hasScannedForEncodings = 0;
			knownRegions = (
				en,
				Base,
			);
			mainGroup = 85433E032875BB9600C07413;
			packageReferences = (
				8541936E288101860026CAA7 /* XCRemoteSwiftPackageReference "Kingfisher" */,
			);
			productRefGroup = 85433E0D2875BB9600C07413 /* Products */;
			projectDirPath = "";
			projectRoot = "";
			targets = (
				85433E0B2875BB9600C07413 /* VKSwiftUI */,
			);
		};
/* End PBXProject section */

/* Begin PBXResourcesBuildPhase section */
		85433E0A2875BB9600C07413 /* Resources */ = {
			isa = PBXResourcesBuildPhase;
			buildActionMask = 2147483647;
			files = (
				85433E172875BB9800C07413 /* Preview Assets.xcassets in Resources */,
				85433E142875BB9800C07413 /* Assets.xcassets in Resources */,
			);
			runOnlyForDeploymentPostprocessing = 0;
		};
/* End PBXResourcesBuildPhase section */

/* Begin PBXSourcesBuildPhase section */
		85433E082875BB9600C07413 /* Sources */ = {
			isa = PBXSourcesBuildPhase;
			buildActionMask = 2147483647;
			files = (
				8526DD142880094D00B823F6 /* PhotoCell.swift in Sources */,
				859A690A287DAC8F0036C0CB /* GroupModel.swift in Sources */,
				8559E1872893DC8C007AAD8A /* MainViewCoordinator.swift in Sources */,
				8526DD10287FFA0700B823F6 /* VKLoginWebView.swift in Sources */,
				8526DD16288009B700B823F6 /* PhotoModel.swift in Sources */,
				859A6906287DAC5C0036C0CB /* GroupsView.swift in Sources */,
				859A68FC287D97B30036C0CB /* PhotoFriendView.swift in Sources */,
				859C43F9288FDBF3005968A2 /* LikesUI.swift in Sources */,
				859A6903287DA4060036C0CB /* MainView.swift in Sources */,
				8541936D288100F80026CAA7 /* Request.swift in Sources */,
				85433E122875BB9600C07413 /* AuthView.swift in Sources */,
				85419374288103980026CAA7 /* PhotoViewModel.swift in Sources */,
				85419372288103420026CAA7 /* FriendViewModel.swift in Sources */,
				8541937A288145050026CAA7 /* GroupViewModel.swift in Sources */,
				859A6908287DAC7E0036C0CB /* GroupCellView.swift in Sources */,
				859A68F9287D8B4D0036C0CB /* FriendModel.swift in Sources */,
				854193682881003F0026CAA7 /* SessionData.swift in Sources */,
				85433E102875BB9600C07413 /* VKSwiftUIApp.swift in Sources */,
				8541936B288100ED0026CAA7 /* RequestService.swift in Sources */,
				859A68F4287D89F90036C0CB /* FriendsView.swift in Sources */,
				85419376288104290026CAA7 /* AvatarOfCell.swift in Sources */,
				85419378288106C40026CAA7 /* Response.swift in Sources */,
				854193852881575F0026CAA7 /* NewsView.swift in Sources */,
				8559E1892893DD78007AAD8A /* MainCoordinator.swift in Sources */,
				859A68F7287D8B320036C0CB /* FriendCellView.swift in Sources */,
				859A68F2287D89860036C0CB /* ContainerView.swift in Sources */,
			);
			runOnlyForDeploymentPostprocessing = 0;
		};
/* End PBXSourcesBuildPhase section */

/* Begin XCBuildConfiguration section */
		85433E182875BB9800C07413 /* Debug */ = {
			isa = XCBuildConfiguration;
			buildSettings = {
				ALWAYS_SEARCH_USER_PATHS = NO;
				CLANG_ANALYZER_NONNULL = YES;
				CLANG_ANALYZER_NUMBER_OBJECT_CONVERSION = YES_AGGRESSIVE;
				CLANG_CXX_LANGUAGE_STANDARD = "gnu++17";
				CLANG_ENABLE_MODULES = YES;
				CLANG_ENABLE_OBJC_ARC = YES;
				CLANG_ENABLE_OBJC_WEAK = YES;
				CLANG_WARN_BLOCK_CAPTURE_AUTORELEASING = YES;
				CLANG_WARN_BOOL_CONVERSION = YES;
				CLANG_WARN_COMMA = YES;
				CLANG_WARN_CONSTANT_CONVERSION = YES;
				CLANG_WARN_DEPRECATED_OBJC_IMPLEMENTATIONS = YES;
				CLANG_WARN_DIRECT_OBJC_ISA_USAGE = YES_ERROR;
				CLANG_WARN_DOCUMENTATION_COMMENTS = YES;
				CLANG_WARN_EMPTY_BODY = YES;
				CLANG_WARN_ENUM_CONVERSION = YES;
				CLANG_WARN_INFINITE_RECURSION = YES;
				CLANG_WARN_INT_CONVERSION = YES;
				CLANG_WARN_NON_LITERAL_NULL_CONVERSION = YES;
				CLANG_WARN_OBJC_IMPLICIT_RETAIN_SELF = YES;
				CLANG_WARN_OBJC_LITERAL_CONVERSION = YES;
				CLANG_WARN_OBJC_ROOT_CLASS = YES_ERROR;
				CLANG_WARN_QUOTED_INCLUDE_IN_FRAMEWORK_HEADER = YES;
				CLANG_WARN_RANGE_LOOP_ANALYSIS = YES;
				CLANG_WARN_STRICT_PROTOTYPES = YES;
				CLANG_WARN_SUSPICIOUS_MOVE = YES;
				CLANG_WARN_UNGUARDED_AVAILABILITY = YES_AGGRESSIVE;
				CLANG_WARN_UNREACHABLE_CODE = YES;
				CLANG_WARN__DUPLICATE_METHOD_MATCH = YES;
				COPY_PHASE_STRIP = NO;
				DEBUG_INFORMATION_FORMAT = dwarf;
				ENABLE_STRICT_OBJC_MSGSEND = YES;
				ENABLE_TESTABILITY = YES;
				GCC_C_LANGUAGE_STANDARD = gnu11;
				GCC_DYNAMIC_NO_PIC = NO;
				GCC_NO_COMMON_BLOCKS = YES;
				GCC_OPTIMIZATION_LEVEL = 0;
				GCC_PREPROCESSOR_DEFINITIONS = (
					"DEBUG=1",
					"$(inherited)",
				);
				GCC_WARN_64_TO_32_BIT_CONVERSION = YES;
				GCC_WARN_ABOUT_RETURN_TYPE = YES_ERROR;
				GCC_WARN_UNDECLARED_SELECTOR = YES;
				GCC_WARN_UNINITIALIZED_AUTOS = YES_AGGRESSIVE;
				GCC_WARN_UNUSED_FUNCTION = YES;
				GCC_WARN_UNUSED_VARIABLE = YES;
				IPHONEOS_DEPLOYMENT_TARGET = 15.5;
				MTL_ENABLE_DEBUG_INFO = INCLUDE_SOURCE;
				MTL_FAST_MATH = YES;
				ONLY_ACTIVE_ARCH = YES;
				SDKROOT = iphoneos;
				SWIFT_ACTIVE_COMPILATION_CONDITIONS = DEBUG;
				SWIFT_OPTIMIZATION_LEVEL = "-Onone";
			};
			name = Debug;
		};
		85433E192875BB9800C07413 /* Release */ = {
			isa = XCBuildConfiguration;
			buildSettings = {
				ALWAYS_SEARCH_USER_PATHS = NO;
				CLANG_ANALYZER_NONNULL = YES;
				CLANG_ANALYZER_NUMBER_OBJECT_CONVERSION = YES_AGGRESSIVE;
				CLANG_CXX_LANGUAGE_STANDARD = "gnu++17";
				CLANG_ENABLE_MODULES = YES;
				CLANG_ENABLE_OBJC_ARC = YES;
				CLANG_ENABLE_OBJC_WEAK = YES;
				CLANG_WARN_BLOCK_CAPTURE_AUTORELEASING = YES;
				CLANG_WARN_BOOL_CONVERSION = YES;
				CLANG_WARN_COMMA = YES;
				CLANG_WARN_CONSTANT_CONVERSION = YES;
				CLANG_WARN_DEPRECATED_OBJC_IMPLEMENTATIONS = YES;
				CLANG_WARN_DIRECT_OBJC_ISA_USAGE = YES_ERROR;
				CLANG_WARN_DOCUMENTATION_COMMENTS = YES;
				CLANG_WARN_EMPTY_BODY = YES;
				CLANG_WARN_ENUM_CONVERSION = YES;
				CLANG_WARN_INFINITE_RECURSION = YES;
				CLANG_WARN_INT_CONVERSION = YES;
				CLANG_WARN_NON_LITERAL_NULL_CONVERSION = YES;
				CLANG_WARN_OBJC_IMPLICIT_RETAIN_SELF = YES;
				CLANG_WARN_OBJC_LITERAL_CONVERSION = YES;
				CLANG_WARN_OBJC_ROOT_CLASS = YES_ERROR;
				CLANG_WARN_QUOTED_INCLUDE_IN_FRAMEWORK_HEADER = YES;
				CLANG_WARN_RANGE_LOOP_ANALYSIS = YES;
				CLANG_WARN_STRICT_PROTOTYPES = YES;
				CLANG_WARN_SUSPICIOUS_MOVE = YES;
				CLANG_WARN_UNGUARDED_AVAILABILITY = YES_AGGRESSIVE;
				CLANG_WARN_UNREACHABLE_CODE = YES;
				CLANG_WARN__DUPLICATE_METHOD_MATCH = YES;
				COPY_PHASE_STRIP = NO;
				DEBUG_INFORMATION_FORMAT = "dwarf-with-dsym";
				ENABLE_NS_ASSERTIONS = NO;
				ENABLE_STRICT_OBJC_MSGSEND = YES;
				GCC_C_LANGUAGE_STANDARD = gnu11;
				GCC_NO_COMMON_BLOCKS = YES;
				GCC_WARN_64_TO_32_BIT_CONVERSION = YES;
				GCC_WARN_ABOUT_RETURN_TYPE = YES_ERROR;
				GCC_WARN_UNDECLARED_SELECTOR = YES;
				GCC_WARN_UNINITIALIZED_AUTOS = YES_AGGRESSIVE;
				GCC_WARN_UNUSED_FUNCTION = YES;
				GCC_WARN_UNUSED_VARIABLE = YES;
				IPHONEOS_DEPLOYMENT_TARGET = 15.5;
				MTL_ENABLE_DEBUG_INFO = NO;
				MTL_FAST_MATH = YES;
				SDKROOT = iphoneos;
				SWIFT_COMPILATION_MODE = wholemodule;
				SWIFT_OPTIMIZATION_LEVEL = "-O";
				VALIDATE_PRODUCT = YES;
			};
			name = Release;
		};
		85433E1B2875BB9800C07413 /* Debug */ = {
			isa = XCBuildConfiguration;
			buildSettings = {
				ASSETCATALOG_COMPILER_APPICON_NAME = AppIcon;
				ASSETCATALOG_COMPILER_GLOBAL_ACCENT_COLOR_NAME = AccentColor;
				CODE_SIGN_STYLE = Automatic;
				CURRENT_PROJECT_VERSION = 1;
				DEVELOPMENT_ASSET_PATHS = "\"VKSwiftUI/Preview Content\"";
				ENABLE_PREVIEWS = YES;
				GENERATE_INFOPLIST_FILE = YES;
				INFOPLIST_KEY_UIApplicationSceneManifest_Generation = YES;
				INFOPLIST_KEY_UIApplicationSupportsIndirectInputEvents = YES;
				INFOPLIST_KEY_UILaunchScreen_Generation = YES;
				INFOPLIST_KEY_UISupportedInterfaceOrientations_iPad = "UIInterfaceOrientationPortrait UIInterfaceOrientationPortraitUpsideDown UIInterfaceOrientationLandscapeLeft UIInterfaceOrientationLandscapeRight";
				INFOPLIST_KEY_UISupportedInterfaceOrientations_iPhone = "UIInterfaceOrientationPortrait UIInterfaceOrientationLandscapeLeft UIInterfaceOrientationLandscapeRight";
				LD_RUNPATH_SEARCH_PATHS = (
					"$(inherited)",
					"@executable_path/Frameworks",
				);
				MARKETING_VERSION = 1.0;
				PRODUCT_BUNDLE_IDENTIFIER = "-.VKSwiftUI";
				PRODUCT_NAME = "$(TARGET_NAME)";
				SWIFT_EMIT_LOC_STRINGS = YES;
				SWIFT_VERSION = 5.0;
				TARGETED_DEVICE_FAMILY = "1,2";
			};
			name = Debug;
		};
		85433E1C2875BB9800C07413 /* Release */ = {
			isa = XCBuildConfiguration;
			buildSettings = {
				ASSETCATALOG_COMPILER_APPICON_NAME = AppIcon;
				ASSETCATALOG_COMPILER_GLOBAL_ACCENT_COLOR_NAME = AccentColor;
				CODE_SIGN_STYLE = Automatic;
				CURRENT_PROJECT_VERSION = 1;
				DEVELOPMENT_ASSET_PATHS = "\"VKSwiftUI/Preview Content\"";
				ENABLE_PREVIEWS = YES;
				GENERATE_INFOPLIST_FILE = YES;
				INFOPLIST_KEY_UIApplicationSceneManifest_Generation = YES;
				INFOPLIST_KEY_UIApplicationSupportsIndirectInputEvents = YES;
				INFOPLIST_KEY_UILaunchScreen_Generation = YES;
				INFOPLIST_KEY_UISupportedInterfaceOrientations_iPad = "UIInterfaceOrientationPortrait UIInterfaceOrientationPortraitUpsideDown UIInterfaceOrientationLandscapeLeft UIInterfaceOrientationLandscapeRight";
				INFOPLIST_KEY_UISupportedInterfaceOrientations_iPhone = "UIInterfaceOrientationPortrait UIInterfaceOrientationLandscapeLeft UIInterfaceOrientationLandscapeRight";
				LD_RUNPATH_SEARCH_PATHS = (
					"$(inherited)",
					"@executable_path/Frameworks",
				);
				MARKETING_VERSION = 1.0;
				PRODUCT_BUNDLE_IDENTIFIER = "-.VKSwiftUI";
				PRODUCT_NAME = "$(TARGET_NAME)";
				SWIFT_EMIT_LOC_STRINGS = YES;
				SWIFT_VERSION = 5.0;
				TARGETED_DEVICE_FAMILY = "1,2";
			};
			name = Release;
		};
/* End XCBuildConfiguration section */

/* Begin XCConfigurationList section */
		85433E072875BB9600C07413 /* Build configuration list for PBXProject "VKSwiftUI" */ = {
			isa = XCConfigurationList;
			buildConfigurations = (
				85433E182875BB9800C07413 /* Debug */,
				85433E192875BB9800C07413 /* Release */,
			);
			defaultConfigurationIsVisible = 0;
			defaultConfigurationName = Release;
		};
		85433E1A2875BB9800C07413 /* Build configuration list for PBXNativeTarget "VKSwiftUI" */ = {
			isa = XCConfigurationList;
			buildConfigurations = (
				85433E1B2875BB9800C07413 /* Debug */,
				85433E1C2875BB9800C07413 /* Release */,
			);
			defaultConfigurationIsVisible = 0;
			defaultConfigurationName = Release;
		};
/* End XCConfigurationList section */

/* Begin XCRemoteSwiftPackageReference section */
		8541936E288101860026CAA7 /* XCRemoteSwiftPackageReference "Kingfisher" */ = {
			isa = XCRemoteSwiftPackageReference;
			repositoryURL = "https://github.com/onevcat/Kingfisher.git";
			requirement = {
				kind = upToNextMajorVersion;
				minimumVersion = 7.0.0;
			};
		};
/* End XCRemoteSwiftPackageReference section */

/* Begin XCSwiftPackageProductDependency section */
		8541936F288101860026CAA7 /* Kingfisher */ = {
			isa = XCSwiftPackageProductDependency;
			package = 8541936E288101860026CAA7 /* XCRemoteSwiftPackageReference "Kingfisher" */;
			productName = Kingfisher;
		};
/* End XCSwiftPackageProductDependency section */
	};
	rootObject = 85433E042875BB9600C07413 /* Project object */;
}
